{
  "name": "girlsock.directory",
  "version": "0.1.0",
  "lockfileVersion": 3,
  "requires": true,
  "packages": {
    "": {
      "name": "girlsock.directory",
      "version": "0.1.0",
      "license": "MIT",
      "dependencies": {
        "cute-socks": "^0.1.0",
        "micromodal": "^0.4.10"
      }
    },
    "node_modules/cute-socks": {
      "version": "0.1.2",
      "resolved": "https://registry.npmjs.org/cute-socks/-/cute-socks-0.1.2.tgz",
      "integrity": "sha512-tFMSGPdQg36nnMgf21f63AnZRj2wXQ+LaCDegiRq9hZqQyH+UJO/yAAbi3VQeFzNRHkOJ4Ngwh7S0o1VRAa2Tw==",
      "hasInstallScript": true,
      "bin": {
        "cute-socks": "index.js"
      }
    },
    "node_modules/micromodal": {
      "version": "0.4.10",
      "resolved": "https://registry.npmjs.org/micromodal/-/micromodal-0.4.10.tgz",
      "integrity": "sha512-BUrEnzMPFBwK8nOE4xUDYHLrlGlLULQVjpja99tpJQPSUEWgw3kTLp1n1qv0HmKU29AiHE7Y7sMLiRziDK4ghQ==",
      "engines": {
        "node": ">=10"
      }
    }
  }
}
